# This file is automatically @generated by Cargo.
# It is not intended for manual editing.
version = 4

[[package]]
name = "addr2line"
version = "0.25.0"
source = "registry+https://github.com/rust-lang/crates.io-index"
checksum = "9acbfca36652500c911ddb767ed433e3ed99b032b5d935be73c6923662db1d43"
dependencies = [
 "gimli",
]

[[package]]
name = "allocator-api2"
version = "0.2.21"
source = "registry+https://github.com/rust-lang/crates.io-index"
checksum = "683d7910e743518b0e34f1186f92494becacb047c7b6bf616c96772180fef923"

[[package]]
name = "anyhow"
version = "1.0.99"
source = "registry+https://github.com/rust-lang/crates.io-index"
checksum = "b0674a1ddeecb70197781e945de4b3b8ffb61fa939a5597bcf48503737663100"

[[package]]
name = "arbitrary"
version = "1.4.2"
source = "registry+https://github.com/rust-lang/crates.io-index"
checksum = "c3d036a3c4ab069c7b410a2ce876bd74808d2d0888a82667669f8e783a898bf1"

[[package]]
name = "async-trait"
version = "0.1.89"
source = "registry+https://github.com/rust-lang/crates.io-index"
checksum = "9035ad2d096bed7955a320ee7e2230574d28fd3c3a0f186cbea1ff3c7eed5dbb"
dependencies = [
 "proc-macro2",
 "quote",
 "syn 2.0.106",
]

[[package]]
name = "az"
version = "1.2.1"
source = "registry+https://github.com/rust-lang/crates.io-index"
checksum = "7b7e4c2464d97fe331d41de9d5db0def0a96f4d823b8b32a2efd503578988973"

[[package]]
name = "bare-metal"
version = "0.2.5"
source = "registry+https://github.com/rust-lang/crates.io-index"
checksum = "5deb64efa5bd81e31fcd1938615a6d98c82eafcbcd787162b6f63b91d6bac5b3"
dependencies = [
 "rustc_version",
]

[[package]]
name = "base64"
version = "0.13.1"
source = "registry+https://github.com/rust-lang/crates.io-index"
checksum = "9e1b586273c5702936fe7b7d6896644d8be71e6314cfe09d3167c95f712589e8"

[[package]]
name = "bitfield"
version = "0.13.2"
source = "registry+https://github.com/rust-lang/crates.io-index"
checksum = "46afbd2983a5d5a7bd740ccb198caf5b82f45c40c09c0eed36052d91cb92e719"

[[package]]
name = "bitflags"
version = "2.9.4"
source = "registry+https://github.com/rust-lang/crates.io-index"
checksum = "2261d10cca569e4643e526d8dc2e62e433cc8aba21ab764233731f8d369bf394"

[[package]]
name = "bumpalo"
version = "3.19.0"
source = "registry+https://github.com/rust-lang/crates.io-index"
checksum = "46c5e41b57b8bba42a04676d81cb89e9ee8e859a1a66f80a5a72e1cb76b34d43"
dependencies = [
 "allocator-api2",
]

[[package]]
name = "bytemuck"
version = "1.21.0"
source = "registry+https://github.com/rust-lang/crates.io-index"
checksum = "ef657dfab802224e671f5818e9a4935f9b1957ed18e58292690cc39e7a4092a3"

[[package]]
name = "byteorder"
version = "1.5.0"
source = "registry+https://github.com/rust-lang/crates.io-index"
checksum = "1fd0f2584146f6f2ef48085050886acf353beff7305ebd1ae69500e27c67f64b"

[[package]]
name = "cast"
version = "0.3.0"
source = "registry+https://github.com/rust-lang/crates.io-index"
checksum = "37b2a672a2cb129a2e41c10b1224bb368f9f37a2b16b612598138befd7b37eb5"

[[package]]
name = "cc"
version = "1.2.35"
source = "registry+https://github.com/rust-lang/crates.io-index"
checksum = "590f9024a68a8c40351881787f1934dc11afd69090f5edb6831464694d836ea3"
dependencies = [
 "find-msvc-tools",
 "shlex",
]

[[package]]
name = "cfg-if"
version = "1.0.3"
source = "registry+https://github.com/rust-lang/crates.io-index"
checksum = "2fd1289c04a9ea8cb22300a459a72a385d7c73d3259e2ed7dcb2af674838cfa9"

[[package]]
name = "cobs"
version = "0.3.0"
source = "registry+https://github.com/rust-lang/crates.io-index"
checksum = "0fa961b519f0b462e3a3b4a34b64d119eeaca1d59af726fe450bbba07a9fc0a1"
dependencies = [
 "thiserror",
]

[[package]]
name = "const-default"
version = "1.0.0"
source = "registry+https://github.com/rust-lang/crates.io-index"
checksum = "0b396d1f76d455557e1218ec8066ae14bba60b4b36ecd55577ba979f5db7ecaa"

[[package]]
name = "cortex-m"
version = "0.7.7"
source = "registry+https://github.com/rust-lang/crates.io-index"
checksum = "8ec610d8f49840a5b376c69663b6369e71f4b34484b9b2eb29fb918d92516cb9"
dependencies = [
 "bare-metal",
 "bitfield",
 "critical-section",
 "embedded-hal 0.2.7",
 "volatile-register",
]

[[package]]
name = "cortex-m-rt"
version = "0.7.5"
source = "registry+https://github.com/rust-lang/crates.io-index"
checksum = "801d4dec46b34c299ccf6b036717ae0fce602faa4f4fe816d9013b9a7c9f5ba6"
dependencies = [
 "cortex-m-rt-macros",
]

[[package]]
name = "cortex-m-rt-macros"
version = "0.7.5"
source = "registry+https://github.com/rust-lang/crates.io-index"
checksum = "e37549a379a9e0e6e576fd208ee60394ccb8be963889eebba3ffe0980364f472"
dependencies = [
 "proc-macro2",
 "quote",
 "syn 2.0.106",
]

[[package]]
name = "cranelift-assembler-x64"
version = "0.123.2"
source = "registry+https://github.com/rust-lang/crates.io-index"
checksum = "0920ef6863433fa28ece7e53925be4cd39a913adba2dc3738f4edd182f76d168"
dependencies = [
 "cranelift-assembler-x64-meta",
]

[[package]]
name = "cranelift-assembler-x64-meta"
version = "0.123.2"
source = "registry+https://github.com/rust-lang/crates.io-index"
checksum = "8990a217e2529a378af1daf4f8afa889f928f07ebbde6ae2f058ae60e40e2c20"
dependencies = [
 "cranelift-srcgen",
]

[[package]]
name = "cranelift-bforest"
version = "0.123.2"
source = "registry+https://github.com/rust-lang/crates.io-index"
checksum = "62225596b687f69a42c038485a28369badc186cb7c74bd9436eeec9f539011b1"
dependencies = [
 "cranelift-entity",
]

[[package]]
name = "cranelift-bitset"
version = "0.123.2"
source = "registry+https://github.com/rust-lang/crates.io-index"
checksum = "c23914fc4062558650a6f0d8c1846c97b541215a291fdeabc85f68bdc9bbcca3"
dependencies = [
 "serde",
 "serde_derive",
]

[[package]]
name = "cranelift-codegen"
version = "0.123.2"
source = "registry+https://github.com/rust-lang/crates.io-index"
checksum = "41a238b2f7e7ec077eb170145fa15fd8b3d0f36cc83d8e354e29ca550f339ca7"
dependencies = [
 "bumpalo",
 "cranelift-assembler-x64",
 "cranelift-bforest",
 "cranelift-bitset",
 "cranelift-codegen-meta",
 "cranelift-codegen-shared",
 "cranelift-control",
 "cranelift-entity",
 "cranelift-isle",
 "gimli",
 "hashbrown",
 "log",
 "pulley-interpreter",
 "regalloc2",
 "rustc-hash",
 "serde",
 "smallvec",
 "target-lexicon",
 "wasmtime-internal-math",
]

[[package]]
name = "cranelift-codegen-meta"
version = "0.123.2"
source = "registry+https://github.com/rust-lang/crates.io-index"
checksum = "9315ddcc2512513a9d66455ec89bb70ae5498cb472f5ed990230536f4cd5c011"
dependencies = [
 "cranelift-assembler-x64-meta",
 "cranelift-codegen-shared",
 "cranelift-srcgen",
 "heck",
 "pulley-interpreter",
]

[[package]]
name = "cranelift-codegen-shared"
version = "0.123.2"
source = "registry+https://github.com/rust-lang/crates.io-index"
checksum = "dc6acea40ef860f28cb36eaad479e26556c1e538b0a66fc44598cf1b1689393d"

[[package]]
name = "cranelift-control"
version = "0.123.2"
source = "registry+https://github.com/rust-lang/crates.io-index"
checksum = "6b2af895da90761cfda4a4445960554fcec971e637882eda5a87337d993fe1b9"
dependencies = [
 "arbitrary",
]

[[package]]
name = "cranelift-entity"
version = "0.123.2"
source = "registry+https://github.com/rust-lang/crates.io-index"
checksum = "6e8c542c856feb50d504e4fc0526b3db3a514f882a9f68f956164531517828ab"
dependencies = [
 "cranelift-bitset",
 "serde",
 "serde_derive",
]

[[package]]
name = "cranelift-frontend"
version = "0.123.2"
source = "registry+https://github.com/rust-lang/crates.io-index"
checksum = "9996dd9c20929c03360fe0c4edf3594c0cbb94525bdbfa04b6bb639ec14573c7"
dependencies = [
 "cranelift-codegen",
 "log",
 "smallvec",
 "target-lexicon",
]

[[package]]
name = "cranelift-isle"
version = "0.123.2"
source = "registry+https://github.com/rust-lang/crates.io-index"
checksum = "928b8dccad51b9e0ffe54accbd617da900239439b13d48f0f122ab61105ca6ad"

[[package]]
name = "cranelift-native"
version = "0.123.2"
source = "registry+https://github.com/rust-lang/crates.io-index"
checksum = "7f75ef0a6a2efed3a2a14812318e28dc82c214eab5399c13d70878e2f88947b5"
dependencies = [
 "cranelift-codegen",
 "libc",
 "target-lexicon",
]

[[package]]
name = "cranelift-srcgen"
version = "0.123.2"
source = "registry+https://github.com/rust-lang/crates.io-index"
checksum = "673bd6d1c83cb41d60afb140a1474ef6caf1a3e02f3820fc522aefbc93ac67d6"

[[package]]
name = "crc32fast"
version = "1.5.0"
source = "registry+https://github.com/rust-lang/crates.io-index"
checksum = "9481c1c90cbf2ac953f07c8d4a58aa3945c425b7185c9154d67a65e4230da511"
dependencies = [
 "cfg-if",
]

[[package]]
name = "critical-section"
version = "1.2.0"
source = "registry+https://github.com/rust-lang/crates.io-index"
checksum = "790eea4361631c5e7d22598ecd5723ff611904e3344ce8720784c93e3d83d40b"

[[package]]
name = "crunchy"
version = "0.2.2"
source = "registry+https://github.com/rust-lang/crates.io-index"
checksum = "7a81dae078cea95a014a339291cec439d2f232ebe854a9d672b796c6afafa9b7"

[[package]]
name = "derive-where"
version = "1.6.0"
source = "registry+https://github.com/rust-lang/crates.io-index"
checksum = "ef941ded77d15ca19b40374869ac6000af1c9f2a4c0f3d4c70926287e6364a8f"
dependencies = [
 "proc-macro2",
 "quote",
 "syn 2.0.106",
]

[[package]]
name = "either"
version = "1.15.0"
source = "registry+https://github.com/rust-lang/crates.io-index"
checksum = "48c757948c5ede0e46177b7add2e67155f70e33c07fea8284df6576da70b3719"

[[package]]
name = "embedded-alloc"
version = "0.6.0"
source = "registry+https://github.com/rust-lang/crates.io-index"
checksum = "8f2de9133f68db0d4627ad69db767726c99ff8585272716708227008d3f1bddd"
dependencies = [
 "const-default",
 "critical-section",
 "linked_list_allocator",
 "rlsf",
]

[[package]]
name = "embedded-dma"
version = "0.2.0"
source = "registry+https://github.com/rust-lang/crates.io-index"
checksum = "994f7e5b5cb23521c22304927195f236813053eb9c065dd2226a32ba64695446"
dependencies = [
 "stable_deref_trait",
]

[[package]]
name = "embedded-hal"
version = "0.2.7"
source = "registry+https://github.com/rust-lang/crates.io-index"
checksum = "35949884794ad573cf46071e41c9b60efb0cb311e3ca01f7af807af1debc66ff"
dependencies = [
 "nb 0.1.3",
 "void",
]

[[package]]
name = "embedded-hal"
version = "1.0.0"
source = "registry+https://github.com/rust-lang/crates.io-index"
checksum = "361a90feb7004eca4019fb28352a9465666b24f840f5c3cddf0ff13920590b89"

[[package]]
name = "embedded-io"
version = "0.4.0"
source = "registry+https://github.com/rust-lang/crates.io-index"
checksum = "ef1a6892d9eef45c8fa6b9e0086428a2cca8491aca8f787c534a3d6d0bcb3ced"

[[package]]
name = "embedded-io"
version = "0.6.1"
source = "registry+https://github.com/rust-lang/crates.io-index"
checksum = "edd0f118536f44f5ccd48bcb8b111bdc3de888b58c74639dfb034a357d0f206d"

[[package]]
name = "embedded-storage"
version = "0.3.1"
source = "registry+https://github.com/rust-lang/crates.io-index"
checksum = "a21dea9854beb860f3062d10228ce9b976da520a73474aed3171ec276bc0c032"

[[package]]
name = "equivalent"
version = "1.0.2"
source = "registry+https://github.com/rust-lang/crates.io-index"
checksum = "877a4ace8713b0bcf2a4e7eec82529c029f1d0619886d18145fea96c3ffe5c0f"

[[package]]
name = "errno"
version = "0.3.13"
source = "registry+https://github.com/rust-lang/crates.io-index"
checksum = "778e2ac28f6c47af28e4907f13ffd1e1ddbd400980a9abd7c8df189bf578a5ad"
dependencies = [
 "libc",
 "windows-sys 0.60.2",
]

[[package]]
name = "fallible-iterator"
version = "0.3.0"
source = "registry+https://github.com/rust-lang/crates.io-index"
checksum = "2acce4a10f12dc2fb14a218589d4f1f62ef011b2d0cc4b3cb1bba8e94da14649"

[[package]]
name = "find-msvc-tools"
version = "0.1.0"
source = "registry+https://github.com/rust-lang/crates.io-index"
checksum = "e178e4fba8a2726903f6ba98a6d221e76f9c12c650d5dc0e6afdc50677b49650"

[[package]]
name = "fixed"
version = "1.27.0"
source = "registry+https://github.com/rust-lang/crates.io-index"
checksum = "2fc715d38bea7b5bf487fcd79bcf8c209f0b58014f3018a7a19c2b855f472048"
dependencies = [
 "az",
 "bytemuck",
 "half",
 "typenum",
]

[[package]]
name = "foldhash"
version = "0.1.5"
source = "registry+https://github.com/rust-lang/crates.io-index"
checksum = "d9c4f5dac5e15c24eb999c26181a6ca40b39fe946cbe4c263c7209467bc83af2"

[[package]]
name = "gimli"
version = "0.32.2"
source = "registry+https://github.com/rust-lang/crates.io-index"
checksum = "cc6298e594375a7fead9efd5568f0a46e6a154fb6a9bdcbe3c06946ffd81a5f6"
dependencies = [
 "fallible-iterator",
 "indexmap",
 "stable_deref_trait",
]

[[package]]
name = "half"
version = "2.4.1"
source = "registry+https://github.com/rust-lang/crates.io-index"
checksum = "6dd08c532ae367adf81c312a4580bc67f1d0fe8bc9c460520283f4c0ff277888"
dependencies = [
 "cfg-if",
 "crunchy",
]

[[package]]
name = "hash32"
version = "0.3.1"
source = "registry+https://github.com/rust-lang/crates.io-index"
checksum = "47d60b12902ba28e2730cd37e95b8c9223af2808df9e902d4df49588d1470606"
dependencies = [
 "byteorder",
]

[[package]]
name = "hashbrown"
version = "0.15.5"
source = "registry+https://github.com/rust-lang/crates.io-index"
checksum = "9229cfe53dfd69f0609a49f65461bd93001ea1ef889cd5529dd176593f5338a1"
dependencies = [
 "foldhash",
 "serde",
]

[[package]]
name = "heapless"
version = "0.8.0"
source = "registry+https://github.com/rust-lang/crates.io-index"
checksum = "0bfb9eb618601c89945a70e254898da93b13be0388091d42117462b265bb3fad"
dependencies = [
 "hash32",
 "stable_deref_trait",
]

[[package]]
name = "heck"
version = "0.5.0"
source = "registry+https://github.com/rust-lang/crates.io-index"
checksum = "2304e00983f87ffb38b55b444b5e3b60a884b5d30c0fca7d82fe33449bbe55ea"

[[package]]
name = "id-arena"
version = "2.2.1"
source = "registry+https://github.com/rust-lang/crates.io-index"
checksum = "25a2bc672d1148e28034f176e01fffebb08b35768468cc954630da77a1449005"

[[package]]
name = "indexmap"
version = "2.11.0"
source = "registry+https://github.com/rust-lang/crates.io-index"
checksum = "f2481980430f9f78649238835720ddccc57e52df14ffce1c6f37391d61b563e9"
dependencies = [
 "equivalent",
 "hashbrown",
 "serde",
]

[[package]]
name = "itertools"
version = "0.14.0"
source = "registry+https://github.com/rust-lang/crates.io-index"
checksum = "2b192c782037fadd9cfa75548310488aabdbf3d2da73885b31bd0abd03351285"
dependencies = [
 "either",
]

[[package]]
name = "itoa"
version = "1.0.15"
source = "registry+https://github.com/rust-lang/crates.io-index"
checksum = "4a5f13b858c8d314ee3e8f639011f7ccefe71f97f96e50151fb991f267928e2c"

[[package]]
name = "leb128fmt"
version = "0.1.0"
source = "registry+https://github.com/rust-lang/crates.io-index"
checksum = "09edd9e8b54e49e587e4f6295a7d29c3ea94d469cb40ab8ca70b288248a81db2"

[[package]]
name = "libc"
version = "0.2.175"
source = "registry+https://github.com/rust-lang/crates.io-index"
checksum = "6a82ae493e598baaea5209805c49bbf2ea7de956d50d7da0da1164f9c6d28543"

[[package]]
name = "libm"
version = "0.2.15"
source = "registry+https://github.com/rust-lang/crates.io-index"
checksum = "f9fbbcab51052fe104eb5e5d351cf728d30a5be1fe14d9be8a3b097481fb97de"

[[package]]
name = "linked_list_allocator"
version = "0.10.5"
source = "registry+https://github.com/rust-lang/crates.io-index"
checksum = "9afa463f5405ee81cdb9cc2baf37e08ec7e4c8209442b5d72c04cfb2cd6e6286"

[[package]]
name = "linux-raw-sys"
version = "0.4.15"
source = "registry+https://github.com/rust-lang/crates.io-index"
checksum = "d26c52dbd32dccf2d10cac7725f8eae5296885fb5703b261f7d0a0739ec807ab"

[[package]]
name = "linux-raw-sys"
version = "0.9.4"
source = "registry+https://github.com/rust-lang/crates.io-index"
checksum = "cd945864f07fe9f5371a27ad7b52a172b4b499999f1d97574c9fa68373937e12"

[[package]]
name = "log"
version = "0.4.27"
source = "registry+https://github.com/rust-lang/crates.io-index"
checksum = "13dc2df351e3202783a1fe0d44375f7295ffb4049267b0f3018346dc122a1d94"

[[package]]
name = "mach2"
version = "0.4.2"
source = "registry+https://github.com/rust-lang/crates.io-index"
checksum = "19b955cdeb2a02b9117f121ce63aa52d08ade45de53e48fe6a38b39c10f6f709"
dependencies = [
 "libc",
]

[[package]]
name = "memchr"
version = "2.7.5"
source = "registry+https://github.com/rust-lang/crates.io-index"
checksum = "32a282da65faaf38286cf3be983213fcf1d2e2a58700e808f83f4ea9a4804bc0"

[[package]]
name = "memfd"
version = "0.6.4"
source = "registry+https://github.com/rust-lang/crates.io-index"
checksum = "b2cffa4ad52c6f791f4f8b15f0c05f9824b2ced1160e88cc393d64fff9a8ac64"
dependencies = [
 "rustix 0.38.44",
]

[[package]]
name = "nb"
version = "0.1.3"
source = "registry+https://github.com/rust-lang/crates.io-index"
checksum = "801d31da0513b6ec5214e9bf433a77966320625a37860f910be265be6e18d06f"
dependencies = [
 "nb 1.1.0",
]

[[package]]
name = "nb"
version = "1.1.0"
source = "registry+https://github.com/rust-lang/crates.io-index"
checksum = "8d5439c4ad607c3c23abf66de8c8bf57ba8adcd1f129e699851a6e43935d339d"

[[package]]
name = "nrf-hal-common"
version = "0.18.0"
source = "registry+https://github.com/rust-lang/crates.io-index"
checksum = "0c134de1f2f0191aed3fc24d3831da8808d1e636b06edf81a5717103095f625d"
dependencies = [
 "cast",
 "cfg-if",
 "cortex-m",
 "embedded-dma",
 "embedded-hal 0.2.7",
 "embedded-hal 1.0.0",
 "embedded-io 0.6.1",
 "embedded-storage",
 "fixed",
 "nb 1.1.0",
 "nrf-usbd",
 "nrf52840-pac",
 "rand_core",
 "void",
]

[[package]]
name = "nrf-usbd"
version = "0.3.0"
source = "registry+https://github.com/rust-lang/crates.io-index"
checksum = "aedf862f941154442271ae9914777bd1c93f6d2e0dc9db4cafa160e55ffb9085"
dependencies = [
 "cortex-m",
 "critical-section",
 "usb-device",
 "vcell",
]

[[package]]
name = "nrf52840-hal"
version = "0.18.0"
source = "registry+https://github.com/rust-lang/crates.io-index"
checksum = "433cfd866da18dfc58376880bdebd092c130444837debc513f44edcd0d6a6558"
dependencies = [
 "nrf-hal-common",
 "nrf52840-pac",
]

[[package]]
name = "nrf52840-pac"
version = "0.12.2"
source = "registry+https://github.com/rust-lang/crates.io-index"
checksum = "30713f36f1be02e5bc9abefa30eae4a1f943d810f199d4923d3ad062d1be1b3d"
dependencies = [
 "cortex-m",
 "cortex-m-rt",
 "vcell",
]

[[package]]
name = "num_enum"
version = "0.7.4"
source = "registry+https://github.com/rust-lang/crates.io-index"
checksum = "a973b4e44ce6cad84ce69d797acf9a044532e4184c4f267913d1b546a0727b7a"
dependencies = [
 "num_enum_derive",
 "rustversion",
]

[[package]]
name = "num_enum_derive"
version = "0.7.4"
source = "registry+https://github.com/rust-lang/crates.io-index"
checksum = "77e878c846a8abae00dd069496dbe8751b16ac1c3d6bd2a7283a938e8228f90d"
dependencies = [
 "proc-macro2",
 "quote",
 "syn 2.0.106",
]

[[package]]
name = "object"
version = "0.37.3"
source = "registry+https://github.com/rust-lang/crates.io-index"
checksum = "ff76201f031d8863c38aa7f905eca4f53abbfa15f609db4277d44cd8938f33fe"
dependencies = [
 "crc32fast",
 "hashbrown",
 "indexmap",
 "memchr",
]

[[package]]
name = "once_cell"
version = "1.21.3"
source = "registry+https://github.com/rust-lang/crates.io-index"
checksum = "42f5e15c9953c5e4ccceeb2e7382a716482c34515315f7b03532b8b4e8393d2d"

[[package]]
name = "paste"
version = "1.0.15"
source = "registry+https://github.com/rust-lang/crates.io-index"
checksum = "57c0d7b74b563b49d38dae00a0c37d4d6de9b432382b2892f0574ddcae73fd0a"

[[package]]
name = "portable-atomic"
version = "1.11.1"
source = "registry+https://github.com/rust-lang/crates.io-index"
checksum = "f84267b20a16ea918e43c6a88433c2d54fa145c92a811b5b047ccbe153674483"

[[package]]
name = "postcard"
version = "1.1.3"
source = "registry+https://github.com/rust-lang/crates.io-index"
checksum = "6764c3b5dd454e283a30e6dfe78e9b31096d9e32036b5d1eaac7a6119ccb9a24"
dependencies = [
 "cobs",
 "embedded-io 0.4.0",
 "embedded-io 0.6.1",
 "serde",
]

[[package]]
name = "proc-macro2"
version = "1.0.101"
source = "registry+https://github.com/rust-lang/crates.io-index"
checksum = "89ae43fd86e4158d6db51ad8e2b80f313af9cc74f5c0e03ccb87de09998732de"
dependencies = [
 "unicode-ident",
]

[[package]]
name = "pulley-interpreter"
version = "36.0.2"
source = "registry+https://github.com/rust-lang/crates.io-index"
checksum = "e4e2d31146038fd9e62bfa331db057aca325d5ca10451a9fe341356cead7da53"
dependencies = [
 "cranelift-bitset",
 "log",
 "pulley-macros",
 "wasmtime-internal-math",
]

[[package]]
name = "pulley-macros"
version = "36.0.2"
source = "registry+https://github.com/rust-lang/crates.io-index"
checksum = "efb9fdafaca625f9ea8cfa793364ea1bdd32d306cff18f166b00ddaa61ecbb27"
dependencies = [
 "proc-macro2",
 "quote",
 "syn 2.0.106",
]

[[package]]
name = "quote"
version = "1.0.40"
source = "registry+https://github.com/rust-lang/crates.io-index"
checksum = "1885c039570dc00dcb4ff087a89e185fd56bae234ddc7f056a945bf36467248d"
dependencies = [
 "proc-macro2",
]

[[package]]
name = "rand_core"
version = "0.6.4"
source = "registry+https://github.com/rust-lang/crates.io-index"
checksum = "ec0be4795e2f6a28069bec0b5ff3e2ac9bafc99e6a9a7dc3547996c5c816922c"

[[package]]
name = "regalloc2"
version = "0.12.2"
source = "registry+https://github.com/rust-lang/crates.io-index"
checksum = "5216b1837de2149f8bc8e6d5f88a9326b63b8c836ed58ce4a0a29ec736a59734"
dependencies = [
 "allocator-api2",
 "bumpalo",
 "hashbrown",
 "log",
 "rustc-hash",
 "smallvec",
]

[[package]]
name = "riscv"
version = "0.14.0"
source = "registry+https://github.com/rust-lang/crates.io-index"
checksum = "0f1671c79a01a149fe000af2429ce9ccc8e58cdecda72672355d50e5536b363c"
dependencies = [
 "critical-section",
 "embedded-hal 1.0.0",
 "paste",
 "riscv-macros",
 "riscv-pac",
]

[[package]]
name = "riscv-macros"
version = "0.2.0"
source = "registry+https://github.com/rust-lang/crates.io-index"
checksum = "e8c4aa1ea1af6dcc83a61be12e8189f9b293c3ba5a487778a4cd89fb060fdbbc"
dependencies = [
 "proc-macro2",
 "quote",
 "syn 2.0.106",
]

[[package]]
name = "riscv-pac"
version = "0.2.0"
source = "registry+https://github.com/rust-lang/crates.io-index"
checksum = "8188909339ccc0c68cfb5a04648313f09621e8b87dc03095454f1a11f6c5d436"

[[package]]
name = "riscv-rt"
version = "0.15.0"
source = "registry+https://github.com/rust-lang/crates.io-index"
checksum = "b6c77da9c9db362b1eec256399aa01b0b30c5af164921bc208f34fd6710cd938"
dependencies = [
 "riscv",
 "riscv-pac",
 "riscv-rt-macros",
 "riscv-target-parser",
]

[[package]]
name = "riscv-rt-macros"
version = "0.5.0"
source = "registry+https://github.com/rust-lang/crates.io-index"
checksum = "617d6812f513a0bad8d6d0b54c7225b36f5b024e821f3ec42e7c21051c9aacd3"
dependencies = [
 "proc-macro2",
 "quote",
 "syn 2.0.106",
]

[[package]]
name = "riscv-target-parser"
version = "0.1.2"
source = "registry+https://github.com/rust-lang/crates.io-index"
checksum = "fb12701a0129e07776b285c3fbde53166e6c49c350187adf793c1d7e1dc64355"

[[package]]
name = "rlsf"
version = "0.2.1"
source = "registry+https://github.com/rust-lang/crates.io-index"
checksum = "222fb240c3286247ecdee6fa5341e7cdad0ffdf8e7e401d9937f2d58482a20bf"
dependencies = [
 "cfg-if",
 "const-default",
 "libc",
 "svgbobdoc",
]

[[package]]
name = "rustc-hash"
version = "2.1.1"
source = "registry+https://github.com/rust-lang/crates.io-index"
checksum = "357703d41365b4b27c590e3ed91eabb1b663f07c4c084095e60cbed4362dff0d"

[[package]]
name = "rustc_version"
version = "0.2.3"
source = "registry+https://github.com/rust-lang/crates.io-index"
checksum = "138e3e0acb6c9fb258b19b67cb8abd63c00679d2851805ea151465464fe9030a"
dependencies = [
 "semver 0.9.0",
]

[[package]]
name = "rustix"
version = "0.38.44"
source = "registry+https://github.com/rust-lang/crates.io-index"
checksum = "fdb5bc1ae2baa591800df16c9ca78619bf65c0488b41b96ccec5d11220d8c154"
dependencies = [
 "bitflags",
 "errno",
 "libc",
 "linux-raw-sys 0.4.15",
 "windows-sys 0.59.0",
]

[[package]]
name = "rustix"
version = "1.0.8"
source = "registry+https://github.com/rust-lang/crates.io-index"
checksum = "11181fbabf243db407ef8df94a6ce0b2f9a733bd8be4ad02b4eda9602296cac8"
dependencies = [
 "bitflags",
 "errno",
 "libc",
 "linux-raw-sys 0.9.4",
 "windows-sys 0.60.2",
]

[[package]]
name = "rustversion"
version = "1.0.21"
source = "registry+https://github.com/rust-lang/crates.io-index"
checksum = "8a0d197bd2c9dc6e53b84da9556a69ba4cdfab8619eb41a8bd1cc2027a0f6b1d"

[[package]]
name = "ryu"
version = "1.0.20"
source = "registry+https://github.com/rust-lang/crates.io-index"
checksum = "28d3b2b1366ec20994f1fd18c3c594f05c5dd4bc44d8bb0c1c632c8d6829481f"

[[package]]
name = "semihosting"
version = "0.1.20"
source = "registry+https://github.com/rust-lang/crates.io-index"
checksum = "c3e1c7d2b77d80283c750a39c52f1ab4d17234e8f30bca43550f5b2375f41d5f"

[[package]]
name = "semver"
version = "0.9.0"
source = "registry+https://github.com/rust-lang/crates.io-index"
checksum = "1d7eb9ef2c18661902cc47e535f9bc51b78acd254da71d375c2f6720d9a40403"
dependencies = [
 "semver-parser",
]

[[package]]
name = "semver"
version = "1.0.26"
source = "registry+https://github.com/rust-lang/crates.io-index"
checksum = "56e6fa9c48d24d85fb3de5ad847117517440f6beceb7798af16b4a87d616b8d0"

[[package]]
name = "semver-parser"
version = "0.7.0"
source = "registry+https://github.com/rust-lang/crates.io-index"
checksum = "388a1df253eca08550bef6c72392cfe7c30914bf41df5269b68cbd6ff8f570a3"

[[package]]
name = "serde"
version = "1.0.219"
source = "registry+https://github.com/rust-lang/crates.io-index"
checksum = "5f0e2c6ed6606019b4e29e69dbaba95b11854410e5347d525002456dbbb786b6"
dependencies = [
 "serde_derive",
]

[[package]]
name = "serde_derive"
version = "1.0.219"
source = "registry+https://github.com/rust-lang/crates.io-index"
checksum = "5b0276cf7f2c73365f7157c8123c21cd9a50fbbd844757af28ca1f5925fc2a00"
dependencies = [
 "proc-macro2",
 "quote",
 "syn 2.0.106",
]

[[package]]
name = "serde_json"
version = "1.0.143"
source = "registry+https://github.com/rust-lang/crates.io-index"
checksum = "d401abef1d108fbd9cbaebc3e46611f4b1021f714a0597a71f41ee463f5f4a5a"
dependencies = [
 "itoa",
 "memchr",
 "ryu",
 "serde",
]

[[package]]
name = "shlex"
version = "1.3.0"
source = "registry+https://github.com/rust-lang/crates.io-index"
checksum = "0fda2ff0d084019ba4d7c6f371c95d8fd75ce3524c3cb8fb653a3023f6323e64"

[[package]]
name = "smallvec"
version = "1.15.1"
source = "registry+https://github.com/rust-lang/crates.io-index"
checksum = "67b1b7a3b5fe4f1376887184045fcf45c69e92af734b7aaddc05fb777b6fbd03"
dependencies = [
 "serde",
]

[[package]]
name = "spin"
version = "0.10.0"
source = "registry+https://github.com/rust-lang/crates.io-index"
checksum = "d5fe4ccb98d9c292d56fec89a5e07da7fc4cf0dc11e156b41793132775d3e591"
dependencies = [
 "portable-atomic",
]

[[package]]
name = "stable_deref_trait"
version = "1.2.0"
source = "registry+https://github.com/rust-lang/crates.io-index"
checksum = "a8f112729512f8e442d81f95a8a7ddf2b7c6b8a1a6f509a95864142b30cab2d3"

[[package]]
name = "svgbobdoc"
version = "0.3.0"
source = "registry+https://github.com/rust-lang/crates.io-index"
checksum = "f2c04b93fc15d79b39c63218f15e3fdffaa4c227830686e3b7c5f41244eb3e50"
dependencies = [
 "base64",
 "proc-macro2",
 "quote",
 "syn 1.0.109",
 "unicode-width",
]

[[package]]
name = "syn"
version = "1.0.109"
source = "registry+https://github.com/rust-lang/crates.io-index"
checksum = "72b64191b275b66ffe2469e8af2c1cfe3bafa67b529ead792a6d0160888b4237"
dependencies = [
 "proc-macro2",
 "quote",
 "unicode-ident",
]

[[package]]
name = "syn"
version = "2.0.106"
source = "registry+https://github.com/rust-lang/crates.io-index"
checksum = "ede7c438028d4436d71104916910f5bb611972c5cfd7f89b8300a8186e6fada6"
dependencies = [
 "proc-macro2",
 "quote",
 "unicode-ident",
]

[[package]]
name = "target-lexicon"
version = "0.13.2"
source = "registry+https://github.com/rust-lang/crates.io-index"
checksum = "e502f78cdbb8ba4718f566c418c52bc729126ffd16baee5baa718cf25dd5a69a"

[[package]]
name = "termcolor"
version = "1.4.1"
source = "registry+https://github.com/rust-lang/crates.io-index"
checksum = "06794f8f6c5c898b3275aebefa6b8a1cb24cd2c6c79397ab15774837a0bc5755"
dependencies = [
 "winapi-util",
]

[[package]]
name = "thiserror"
version = "2.0.16"
source = "registry+https://github.com/rust-lang/crates.io-index"
checksum = "3467d614147380f2e4e374161426ff399c91084acd2363eaf549172b3d5e60c0"
dependencies = [
 "thiserror-impl",
]

[[package]]
name = "thiserror-impl"
version = "2.0.16"
source = "registry+https://github.com/rust-lang/crates.io-index"
checksum = "6c5e1be1c48b9172ee610da68fd9cd2770e7a4056cb3fc98710ee6906f0c7960"
dependencies = [
 "proc-macro2",
 "quote",
 "syn 2.0.106",
]

[[package]]
name = "typenum"
version = "1.17.0"
source = "registry+https://github.com/rust-lang/crates.io-index"
checksum = "42ff0bf0c66b8238c6f3b578df37d0b7848e55df8577b3f74f92a69acceeb825"

[[package]]
name = "unicode-ident"
version = "1.0.18"
source = "registry+https://github.com/rust-lang/crates.io-index"
checksum = "5a5f39404a5da50712a4c1eecf25e90dd62b613502b7e925fd4e4d19b5c96512"

[[package]]
name = "unicode-width"
version = "0.1.13"
source = "registry+https://github.com/rust-lang/crates.io-index"
checksum = "0336d538f7abc86d282a4189614dfaa90810dfc2c6f6427eaf88e16311dd225d"

[[package]]
name = "unicode-xid"
version = "0.2.6"
source = "registry+https://github.com/rust-lang/crates.io-index"
checksum = "ebc1c04c71510c7f702b52b7c350734c9ff1295c464a03335b00bb84fc54f853"

[[package]]
name = "usb-device"
version = "0.3.2"
source = "registry+https://github.com/rust-lang/crates.io-index"
checksum = "98816b1accafbb09085168b90f27e93d790b4bfa19d883466b5e53315b5f06a6"
dependencies = [
 "heapless",
 "portable-atomic",
]

[[package]]
name = "vcell"
version = "0.1.3"
source = "registry+https://github.com/rust-lang/crates.io-index"
checksum = "77439c1b53d2303b20d9459b1ade71a83c716e3f9c34f3228c00e6f185d6c002"

[[package]]
name = "void"
version = "1.0.2"
source = "registry+https://github.com/rust-lang/crates.io-index"
checksum = "6a02e4885ed3bc0f2de90ea6dd45ebcbb66dacffe03547fadbb0eeae2770887d"

[[package]]
name = "volatile-register"
version = "0.2.2"
source = "registry+https://github.com/rust-lang/crates.io-index"
checksum = "de437e2a6208b014ab52972a27e59b33fa2920d3e00fe05026167a1c509d19cc"
dependencies = [
 "vcell",
]

[[package]]
name = "wasefire-common"
version = "0.1.0"
dependencies = [
 "wasefire-error",
 "wasefire-sync",
]

[[package]]
name = "wasefire-error"
version = "0.1.3"
dependencies = [
 "num_enum",
]

[[package]]
name = "wasefire-interpreter"
version = "0.4.0"
dependencies = [
 "derive-where",
 "libm",
 "num_enum",
 "paste",
 "wasefire-common",
 "wasefire-error",
]

[[package]]
name = "wasefire-sync"
version = "0.1.2"
dependencies = [
 "portable-atomic",
 "spin",
]

[[package]]
name = "wasm-bench"
version = "0.1.0"
dependencies = [
 "cortex-m",
 "cortex-m-rt",
 "embedded-alloc",
 "nrf52840-hal",
 "riscv",
 "riscv-rt",
 "semihosting",
 "wasefire-interpreter",
 "wasefire-sync",
 "wasmtime",
]

[[package]]
name = "wasm-encoder"
version = "0.236.1"
source = "registry+https://github.com/rust-lang/crates.io-index"
checksum = "724fccfd4f3c24b7e589d333fc0429c68042897a7e8a5f8694f31792471841e7"
dependencies = [
 "leb128fmt",
 "wasmparser",
]

[[package]]
name = "wasmparser"
version = "0.236.1"
source = "registry+https://github.com/rust-lang/crates.io-index"
checksum = "a9b1e81f3eb254cf7404a82cee6926a4a3ccc5aad80cc3d43608a070c67aa1d7"
dependencies = [
 "bitflags",
 "hashbrown",
 "indexmap",
 "semver 1.0.26",
 "serde",
]

[[package]]
name = "wasmprinter"
version = "0.236.1"
source = "registry+https://github.com/rust-lang/crates.io-index"
checksum = "2df225df06a6df15b46e3f73ca066ff92c2e023670969f7d50ce7d5e695abbb1"
dependencies = [
 "anyhow",
 "termcolor",
 "wasmparser",
]

[[package]]
name = "wasmtime"
version = "36.0.2"
source = "registry+https://github.com/rust-lang/crates.io-index"
checksum = "5b3e1fab634681494213138ea3a18e958e5ea99da13a4a01a4b870d51a41680b"
dependencies = [
 "addr2line",
 "anyhow",
 "async-trait",
 "bitflags",
 "bumpalo",
 "cc",
 "cfg-if",
 "hashbrown",
 "indexmap",
 "libc",
 "log",
 "mach2",
 "memfd",
 "object",
 "once_cell",
 "postcard",
 "pulley-interpreter",
 "rustix 1.0.8",
 "serde",
 "serde_derive",
 "smallvec",
 "target-lexicon",
 "wasmparser",
 "wasmtime-environ",
 "wasmtime-internal-asm-macros",
 "wasmtime-internal-component-macro",
 "wasmtime-internal-cranelift",
 "wasmtime-internal-fiber",
 "wasmtime-internal-jit-debug",
 "wasmtime-internal-jit-icache-coherence",
 "wasmtime-internal-math",
 "wasmtime-internal-slab",
 "wasmtime-internal-unwinder",
 "wasmtime-internal-versioned-export-macros",
 "windows-sys 0.60.2",
]

[[package]]
name = "wasmtime-environ"
version = "36.0.2"
source = "registry+https://github.com/rust-lang/crates.io-index"
checksum = "6750e519977953a018fe994aada7e02510aea4babb03310aa5f5b4145b6e6577"
dependencies = [
 "anyhow",
 "cranelift-bitset",
 "cranelift-entity",
 "gimli",
 "indexmap",
 "log",
 "object",
 "postcard",
 "serde",
 "serde_derive",
 "smallvec",
 "target-lexicon",
 "wasm-encoder",
 "wasmparser",
 "wasmprinter",
]

[[package]]
name = "wasmtime-internal-asm-macros"
version = "36.0.2"
source = "registry+https://github.com/rust-lang/crates.io-index"
checksum = "bdbf38adac6e81d5c0326e8fd25f80450e3038f2fc103afd3c5cc8b83d5dd78b"
dependencies = [
 "cfg-if",
]

[[package]]
name = "wasmtime-internal-component-macro"
version = "36.0.2"
source = "registry+https://github.com/rust-lang/crates.io-index"
checksum = "26a578a474e3b7ddce063cd169ced292b5185013341457522891b10e989aa42a"
dependencies = [
 "anyhow",
 "proc-macro2",
 "quote",
 "syn 2.0.106",
 "wasmtime-internal-component-util",
 "wasmtime-internal-wit-bindgen",
 "wit-parser",
]

[[package]]
name = "wasmtime-internal-component-util"
version = "36.0.2"
source = "registry+https://github.com/rust-lang/crates.io-index"
checksum = "edc23d46ec1b1cd42b6f73205eb80498ed94b47098ec53456c0b18299405b158"

[[package]]
name = "wasmtime-internal-cranelift"
version = "36.0.2"
source = "registry+https://github.com/rust-lang/crates.io-index"
checksum = "d85b8ba128525bff91b89ac8a97755136a4fb0fb59df5ffb7539dd646455d441"
dependencies = [
 "anyhow",
 "cfg-if",
 "cranelift-codegen",
 "cranelift-control",
 "cranelift-entity",
 "cranelift-frontend",
 "cranelift-native",
 "gimli",
 "itertools",
 "log",
 "object",
 "pulley-interpreter",
 "smallvec",
 "target-lexicon",
 "thiserror",
 "wasmparser",
 "wasmtime-environ",
 "wasmtime-internal-math",
 "wasmtime-internal-versioned-export-macros",
]

[[package]]
name = "wasmtime-internal-fiber"
version = "36.0.2"
source = "registry+https://github.com/rust-lang/crates.io-index"
checksum = "0c566f5137de1f55339df8a236a5ec89698b466a3d33f9cc07823a58a3f85e16"
dependencies = [
 "anyhow",
 "cc",
 "cfg-if",
 "libc",
 "rustix 1.0.8",
 "wasmtime-internal-asm-macros",
 "wasmtime-internal-versioned-export-macros",
 "windows-sys 0.60.2",
]

[[package]]
name = "wasmtime-internal-jit-debug"
version = "36.0.2"
source = "registry+https://github.com/rust-lang/crates.io-index"
checksum = "e03f0b11f8fe4d456feac11e7e9dc6f02ddb34d4f6a1912775dbc63c5bdd5670"
dependencies = [
 "cc",
 "wasmtime-internal-versioned-export-macros",
]

[[package]]
name = "wasmtime-internal-jit-icache-coherence"
version = "36.0.2"
source = "registry+https://github.com/rust-lang/crates.io-index"
checksum = "71aeb74f9b3fd9225319c723e59832a77a674b0c899ba9795f9b2130a6d1b167"
dependencies = [
 "anyhow",
 "cfg-if",
 "libc",
 "windows-sys 0.60.2",
]

[[package]]
name = "wasmtime-internal-math"
version = "36.0.2"
source = "registry+https://github.com/rust-lang/crates.io-index"
checksum = "31d5dad8a609c6cc47a5f265f13b52e347e893450a69641af082b8a276043fa7"
dependencies = [
 "libm",
]

[[package]]
name = "wasmtime-internal-slab"
version = "36.0.2"
source = "registry+https://github.com/rust-lang/crates.io-index"
checksum = "6d152a7b875d62e395bfe0ae7d12e7b47cd332eb380353cce3eb831f9843731d"

[[package]]
name = "wasmtime-internal-unwinder"
version = "36.0.2"
source = "registry+https://github.com/rust-lang/crates.io-index"
checksum = "2aaacc0fea00293f7af7e6c25cef74b7d213ebbe7560c86305eec15fc318fab8"
dependencies = [
 "anyhow",
 "cfg-if",
 "cranelift-codegen",
 "log",
 "object",
]

[[package]]
name = "wasmtime-internal-versioned-export-macros"
version = "36.0.2"
source = "registry+https://github.com/rust-lang/crates.io-index"
checksum = "c61c7f75326434944cc5f3b75409a063fa37e537f6247f00f0f733679f0be406"
dependencies = [
 "proc-macro2",
 "quote",
 "syn 2.0.106",
]

[[package]]
name = "wasmtime-internal-wit-bindgen"
version = "36.0.2"
source = "registry+https://github.com/rust-lang/crates.io-index"
checksum = "169042d58002f16da149ab7d608b71164411abd1fc5140f48f4c200b44bb5565"
dependencies = [
 "anyhow",
 "bitflags",
 "heck",
 "indexmap",
 "wit-parser",
]

[[package]]
name = "winapi-util"
version = "0.1.9"
source = "registry+https://github.com/rust-lang/crates.io-index"
checksum = "cf221c93e13a30d793f7645a0e7762c55d169dbb0a49671918a2319d289b10bb"
dependencies = [
 "windows-sys 0.59.0",
]

[[package]]
name = "windows-sys"
version = "0.59.0"
source = "registry+https://github.com/rust-lang/crates.io-index"
checksum = "1e38bc4d79ed67fd075bcc251a1c39b32a1776bbe92e5bef1f0bf1f8c531853b"
dependencies = [
 "windows-targets 0.52.6",
]

[[package]]
name = "windows-sys"
version = "0.60.2"
source = "registry+https://github.com/rust-lang/crates.io-index"
checksum = "f2f500e4d28234f72040990ec9d39e3a6b950f9f22d3dba18416c35882612bcb"
dependencies = [
 "windows-targets 0.53.2",
]

[[package]]
name = "windows-targets"
version = "0.52.6"
source = "registry+https://github.com/rust-lang/crates.io-index"
checksum = "9b724f72796e036ab90c1021d4780d4d3d648aca59e491e6b98e725b84e99973"
dependencies = [
 "windows_aarch64_gnullvm 0.52.6",
 "windows_aarch64_msvc 0.52.6",
 "windows_i686_gnu 0.52.6",
 "windows_i686_gnullvm 0.52.6",
 "windows_i686_msvc 0.52.6",
 "windows_x86_64_gnu 0.52.6",
 "windows_x86_64_gnullvm 0.52.6",
 "windows_x86_64_msvc 0.52.6",
]

[[package]]
name = "windows-targets"
version = "0.53.2"
source = "registry+https://github.com/rust-lang/crates.io-index"
checksum = "c66f69fcc9ce11da9966ddb31a40968cad001c5bedeb5c2b82ede4253ab48aef"
dependencies = [
 "windows_aarch64_gnullvm 0.53.0",
 "windows_aarch64_msvc 0.53.0",
 "windows_i686_gnu 0.53.0",
 "windows_i686_gnullvm 0.53.0",
 "windows_i686_msvc 0.53.0",
 "windows_x86_64_gnu 0.53.0",
 "windows_x86_64_gnullvm 0.53.0",
 "windows_x86_64_msvc 0.53.0",
]

[[package]]
name = "windows_aarch64_gnullvm"
version = "0.52.6"
source = "registry+https://github.com/rust-lang/crates.io-index"
checksum = "32a4622180e7a0ec044bb555404c800bc9fd9ec262ec147edd5989ccd0c02cd3"

[[package]]
name = "windows_aarch64_gnullvm"
version = "0.53.0"
source = "registry+https://github.com/rust-lang/crates.io-index"
checksum = "86b8d5f90ddd19cb4a147a5fa63ca848db3df085e25fee3cc10b39b6eebae764"

[[package]]
name = "windows_aarch64_msvc"
version = "0.52.6"
source = "registry+https://github.com/rust-lang/crates.io-index"
checksum = "09ec2a7bb152e2252b53fa7803150007879548bc709c039df7627cabbd05d469"

[[package]]
name = "windows_aarch64_msvc"
version = "0.53.0"
source = "registry+https://github.com/rust-lang/crates.io-index"
checksum = "c7651a1f62a11b8cbd5e0d42526e55f2c99886c77e007179efff86c2b137e66c"

[[package]]
name = "windows_i686_gnu"
version = "0.52.6"
source = "registry+https://github.com/rust-lang/crates.io-index"
checksum = "8e9b5ad5ab802e97eb8e295ac6720e509ee4c243f69d781394014ebfe8bbfa0b"

[[package]]
name = "windows_i686_gnu"
version = "0.53.0"
source = "registry+https://github.com/rust-lang/crates.io-index"
checksum = "c1dc67659d35f387f5f6c479dc4e28f1d4bb90ddd1a5d3da2e5d97b42d6272c3"

[[package]]
name = "windows_i686_gnullvm"
version = "0.52.6"
source = "registry+https://github.com/rust-lang/crates.io-index"
checksum = "0eee52d38c090b3caa76c563b86c3a4bd71ef1a819287c19d586d7334ae8ed66"

[[package]]
name = "windows_i686_gnullvm"
version = "0.53.0"
source = "registry+https://github.com/rust-lang/crates.io-index"
checksum = "9ce6ccbdedbf6d6354471319e781c0dfef054c81fbc7cf83f338a4296c0cae11"

[[package]]
name = "windows_i686_msvc"
version = "0.52.6"
source = "registry+https://github.com/rust-lang/crates.io-index"
checksum = "240948bc05c5e7c6dabba28bf89d89ffce3e303022809e73deaefe4f6ec56c66"

[[package]]
name = "windows_i686_msvc"
version = "0.53.0"
source = "registry+https://github.com/rust-lang/crates.io-index"
checksum = "581fee95406bb13382d2f65cd4a908ca7b1e4c2f1917f143ba16efe98a589b5d"

[[package]]
name = "windows_x86_64_gnu"
version = "0.52.6"
source = "registry+https://github.com/rust-lang/crates.io-index"
checksum = "147a5c80aabfbf0c7d901cb5895d1de30ef2907eb21fbbab29ca94c5b08b1a78"

[[package]]
name = "windows_x86_64_gnu"
version = "0.53.0"
source = "registry+https://github.com/rust-lang/crates.io-index"
checksum = "2e55b5ac9ea33f2fc1716d1742db15574fd6fc8dadc51caab1c16a3d3b4190ba"

[[package]]
name = "windows_x86_64_gnullvm"
version = "0.52.6"
source = "registry+https://github.com/rust-lang/crates.io-index"
checksum = "24d5b23dc417412679681396f2b49f3de8c1473deb516bd34410872eff51ed0d"

[[package]]
name = "windows_x86_64_gnullvm"
version = "0.53.0"
source = "registry+https://github.com/rust-lang/crates.io-index"
checksum = "0a6e035dd0599267ce1ee132e51c27dd29437f63325753051e71dd9e42406c57"

[[package]]
name = "windows_x86_64_msvc"
version = "0.52.6"
source = "registry+https://github.com/rust-lang/crates.io-index"
checksum = "589f6da84c646204747d1270a2a5661ea66ed1cced2631d546fdfb155959f9ec"

[[package]]
name = "windows_x86_64_msvc"
version = "0.53.0"
source = "registry+https://github.com/rust-lang/crates.io-index"
checksum = "271414315aff87387382ec3d271b52d7ae78726f5d44ac98b4f4030c91880486"

[[package]]
name = "wit-parser"
version = "0.236.1"
source = "registry+https://github.com/rust-lang/crates.io-index"
checksum = "16e4833a20cd6e85d6abfea0e63a399472d6f88c6262957c17f546879a80ba15"
dependencies = [
 "anyhow",
 "id-arena",
 "indexmap",
 "log",
 "semver 1.0.26",
 "serde",
 "serde_derive",
 "serde_json",
 "unicode-xid",
 "wasmparser",
]
