# This file is automatically @generated by Cargo.
# It is not intended for manual editing.
version = 3

[[package]]
name = "anstyle"
version = "1.0.1"
source = "registry+https://github.com/rust-lang/crates.io-index"
checksum = "3a30da5c5f2d5e72842e00bcb57657162cdabef0931f40e2deb9b4140440cecd"

[[package]]
name = "anyhow"
version = "1.0.72"
source = "registry+https://github.com/rust-lang/crates.io-index"
checksum = "3b13c32d80ecc7ab747b80c3784bce54ee8a7a0cc4fbda9bf4cda2cf6fe90854"

[[package]]
name = "base64"
version = "0.13.1"
source = "registry+https://github.com/rust-lang/crates.io-index"
checksum = "9e1b586273c5702936fe7b7d6896644d8be71e6314cfe09d3167c95f712589e8"

[[package]]
name = "bytemuck"
version = "1.13.1"
source = "registry+https://github.com/rust-lang/crates.io-index"
checksum = "17febce684fd15d89027105661fec94afb475cb995fbc59d2865198446ba2eea"
dependencies = [
 "bytemuck_derive",
]

[[package]]
name = "bytemuck_derive"
version = "1.4.1"
source = "registry+https://github.com/rust-lang/crates.io-index"
checksum = "fdde5c9cd29ebd706ce1b35600920a33550e402fc998a2e53ad3b42c3c47a192"
dependencies = [
 "proc-macro2",
 "quote",
 "syn 2.0.28",
]

[[package]]
name = "cfg-if"
version = "1.0.0"
source = "registry+https://github.com/rust-lang/crates.io-index"
checksum = "baf1de4339761588bc0619e3cbc0120ee582ebb74b53b4efbf79117bd2da40fd"

[[package]]
name = "clap"
version = "4.3.21"
source = "registry+https://github.com/rust-lang/crates.io-index"
checksum = "c27cdf28c0f604ba3f512b0c9a409f8de8513e4816705deb0498b627e7c3a3fd"
dependencies = [
 "clap_builder",
 "clap_derive",
 "once_cell",
]

[[package]]
name = "clap_builder"
version = "4.3.21"
source = "registry+https://github.com/rust-lang/crates.io-index"
checksum = "08a9f1ab5e9f01a9b81f202e8562eb9a10de70abf9eaeac1be465c28b75aa4aa"
dependencies = [
 "anstyle",
 "clap_lex",
]

[[package]]
name = "clap_derive"
version = "4.3.12"
source = "registry+https://github.com/rust-lang/crates.io-index"
checksum = "54a9bb5758fc5dfe728d1019941681eccaf0cf8a4189b692a0ee2f2ecf90a050"
dependencies = [
 "heck",
 "proc-macro2",
 "quote",
 "syn 2.0.28",
]

[[package]]
name = "clap_lex"
version = "0.5.0"
source = "registry+https://github.com/rust-lang/crates.io-index"
checksum = "2da6da31387c7e4ef160ffab6d5e7f00c42626fe39aea70a7b0f1773f7dd6c1b"

[[package]]
name = "const-default"
version = "1.0.0"
source = "registry+https://github.com/rust-lang/crates.io-index"
checksum = "0b396d1f76d455557e1218ec8066ae14bba60b4b36ecd55577ba979f5db7ecaa"

[[package]]
name = "data-encoding"
version = "2.4.0"
source = "registry+https://github.com/rust-lang/crates.io-index"
checksum = "c2e66c9d817f1720209181c316d28635c050fa304f9c79e47a520882661b7308"

[[package]]
name = "data-encoding-macro"
version = "0.1.13"
source = "registry+https://github.com/rust-lang/crates.io-index"
checksum = "c904b33cc60130e1aeea4956ab803d08a3f4a0ca82d64ed757afac3891f2bb99"
dependencies = [
 "data-encoding",
 "data-encoding-macro-internal",
]

[[package]]
name = "data-encoding-macro-internal"
version = "0.1.11"
source = "registry+https://github.com/rust-lang/crates.io-index"
checksum = "8fdf3fce3ce863539ec1d7fd1b6dcc3c645663376b43ed376bbf887733e4f772"
dependencies = [
 "data-encoding",
 "syn 1.0.109",
]

[[package]]
name = "generic-array"
version = "0.14.7"
source = "registry+https://github.com/rust-lang/crates.io-index"
checksum = "85649ca51fd72272d7821adaf274ad91c288277713d9c18820d8499a7ff69e9a"
dependencies = [
 "typenum",
 "version_check",
]

[[package]]
name = "heck"
version = "0.4.1"
source = "registry+https://github.com/rust-lang/crates.io-index"
checksum = "95505c38b4572b2d910cecb0281560f54b440a19336cbbcb27bf6ce6adc6f5a8"

[[package]]
name = "libc"
version = "0.2.147"
source = "registry+https://github.com/rust-lang/crates.io-index"
checksum = "b4668fb0ea861c1df094127ac5f1da3409a82116a4ba74fca2e58ef927159bb3"

[[package]]
name = "once_cell"
version = "1.18.0"
source = "registry+https://github.com/rust-lang/crates.io-index"
checksum = "dd8b5dd2ae5ed71462c540258bedcb51965123ad7e7ccf4b9a8cafaa4a63576d"

[[package]]
name = "portable-atomic"
version = "1.4.2"
source = "registry+https://github.com/rust-lang/crates.io-index"
checksum = "f32154ba0af3a075eefa1eda8bb414ee928f62303a54ea85b8d6638ff1a6ee9e"

[[package]]
name = "proc-macro2"
version = "1.0.66"
source = "registry+https://github.com/rust-lang/crates.io-index"
checksum = "18fb31db3f9bddb2ea821cde30a9f70117e3f119938b5ee630b7403aa6e2ead9"
dependencies = [
 "unicode-ident",
]

[[package]]
name = "quote"
version = "1.0.32"
source = "registry+https://github.com/rust-lang/crates.io-index"
checksum = "50f3b39ccfb720540debaa0164757101c08ecb8d326b15358ce76a62c7e85965"
dependencies = [
 "proc-macro2",
]

[[package]]
name = "rand"
version = "0.1.0"
dependencies = [
 "wasefire",
]

[[package]]
name = "rlsf"
version = "0.2.1"
source = "registry+https://github.com/rust-lang/crates.io-index"
checksum = "222fb240c3286247ecdee6fa5341e7cdad0ffdf8e7e401d9937f2d58482a20bf"
dependencies = [
 "cfg-if",
 "const-default",
 "libc",
 "svgbobdoc",
]

[[package]]
name = "sealed"
version = "0.5.0"
source = "registry+https://github.com/rust-lang/crates.io-index"
checksum = "f4a8caec23b7800fb97971a1c6ae365b6239aaeddfb934d6265f8505e795699d"
dependencies = [
 "heck",
 "proc-macro2",
 "quote",
 "syn 2.0.28",
]

[[package]]
name = "svgbobdoc"
version = "0.3.0"
source = "registry+https://github.com/rust-lang/crates.io-index"
checksum = "f2c04b93fc15d79b39c63218f15e3fdffaa4c227830686e3b7c5f41244eb3e50"
dependencies = [
 "base64",
 "proc-macro2",
 "quote",
 "syn 1.0.109",
 "unicode-width",
]

[[package]]
name = "syn"
version = "1.0.109"
source = "registry+https://github.com/rust-lang/crates.io-index"
checksum = "72b64191b275b66ffe2469e8af2c1cfe3bafa67b529ead792a6d0160888b4237"
dependencies = [
 "proc-macro2",
 "quote",
 "unicode-ident",
]

[[package]]
name = "syn"
version = "2.0.28"
source = "registry+https://github.com/rust-lang/crates.io-index"
checksum = "04361975b3f5e348b2189d8dc55bc942f278b2d482a6a0365de5bdd62d351567"
dependencies = [
 "proc-macro2",
 "quote",
 "unicode-ident",
]

[[package]]
name = "typenum"
version = "1.16.0"
source = "registry+https://github.com/rust-lang/crates.io-index"
checksum = "497961ef93d974e23eb6f433eb5fe1b7930b659f06d12dec6fc44a8f554c0bba"

[[package]]
name = "unicode-ident"
version = "1.0.11"
source = "registry+https://github.com/rust-lang/crates.io-index"
checksum = "301abaae475aa91687eb82514b328ab47a211a533026cb25fc3e519b86adfc3c"

[[package]]
name = "unicode-width"
version = "0.1.10"
source = "registry+https://github.com/rust-lang/crates.io-index"
checksum = "c0edd1e5b14653f783770bce4a4dabb4a5108a5370a5f5d8cfe8710c361f6c8b"

[[package]]
name = "version_check"
version = "0.9.4"
source = "registry+https://github.com/rust-lang/crates.io-index"
checksum = "49874b5167b65d7193b8aba1567f5c7d93d001cafc34600cee003eda787e483f"

[[package]]
name = "wasefire"
version = "0.3.0-git"
dependencies = [
 "const-default",
 "generic-array",
 "portable-atomic",
 "rlsf",
 "sealed",
 "typenum",
 "wasefire-applet-api",
]

[[package]]
name = "wasefire-applet-api"
version = "0.4.0-git"
dependencies = [
 "bytemuck",
 "wasefire-applet-api-macro",
]

[[package]]
name = "wasefire-applet-api-desc"
version = "0.1.4-git"
dependencies = [
 "anyhow",
 "clap",
 "data-encoding",
 "data-encoding-macro",
 "proc-macro2",
 "quote",
]

[[package]]
name = "wasefire-applet-api-macro"
version = "0.4.0-git"
dependencies = [
 "proc-macro2",
 "wasefire-applet-api-desc",
]
