# This file is automatically @generated by Cargo.
# It is not intended for manual editing.
version = 4

[[package]]
name = "header"
version = "0.1.0"
dependencies = [
 "wasefire-common",
 "wasefire-one-of",
]

[[package]]
name = "num_enum"
version = "0.7.4"
source = "registry+https://github.com/rust-lang/crates.io-index"
checksum = "a973b4e44ce6cad84ce69d797acf9a044532e4184c4f267913d1b546a0727b7a"
dependencies = [
 "num_enum_derive",
 "rustversion",
]

[[package]]
name = "num_enum_derive"
version = "0.7.4"
source = "registry+https://github.com/rust-lang/crates.io-index"
checksum = "77e878c846a8abae00dd069496dbe8751b16ac1c3d6bd2a7283a938e8228f90d"
dependencies = [
 "proc-macro2",
 "quote",
 "syn",
]

[[package]]
name = "portable-atomic"
version = "1.11.1"
source = "registry+https://github.com/rust-lang/crates.io-index"
checksum = "f84267b20a16ea918e43c6a88433c2d54fa145c92a811b5b047ccbe153674483"

[[package]]
name = "proc-macro2"
version = "1.0.93"
source = "registry+https://github.com/rust-lang/crates.io-index"
checksum = "60946a68e5f9d28b0dc1c21bb8a97ee7d018a8b322fa57838ba31cc878e22d99"
dependencies = [
 "unicode-ident",
]

[[package]]
name = "quote"
version = "1.0.38"
source = "registry+https://github.com/rust-lang/crates.io-index"
checksum = "0e4dccaaaf89514f546c693ddc140f729f958c247918a13380cccc6078391acc"
dependencies = [
 "proc-macro2",
]

[[package]]
name = "rustversion"
version = "1.0.21"
source = "registry+https://github.com/rust-lang/crates.io-index"
checksum = "8a0d197bd2c9dc6e53b84da9556a69ba4cdfab8619eb41a8bd1cc2027a0f6b1d"

[[package]]
name = "spin"
version = "0.10.0"
source = "registry+https://github.com/rust-lang/crates.io-index"
checksum = "d5fe4ccb98d9c292d56fec89a5e07da7fc4cf0dc11e156b41793132775d3e591"
dependencies = [
 "portable-atomic",
]

[[package]]
name = "syn"
version = "2.0.98"
source = "registry+https://github.com/rust-lang/crates.io-index"
checksum = "36147f1a48ae0ec2b5b3bc5b537d267457555a10dc06f3dbc8cb11ba3006d3b1"
dependencies = [
 "proc-macro2",
 "quote",
 "unicode-ident",
]

[[package]]
name = "unicode-ident"
version = "1.0.16"
source = "registry+https://github.com/rust-lang/crates.io-index"
checksum = "a210d160f08b701c8721ba1c726c11662f877ea6b7094007e1ca9a1041945034"

[[package]]
name = "wasefire-common"
version = "0.1.0-git"
dependencies = [
 "wasefire-error",
 "wasefire-sync",
]

[[package]]
name = "wasefire-error"
version = "0.1.3-git"
dependencies = [
 "num_enum",
]

[[package]]
name = "wasefire-one-of"
version = "0.1.1-git"

[[package]]
name = "wasefire-sync"
version = "0.1.2-git"
dependencies = [
 "portable-atomic",
 "spin",
]
